
Microsoft Visual Studio Solution File, Format Version 12.00
# Visual Studio Version 17
VisualStudioVersion = 17.5.33516.290
MinimumVisualStudioVersion = 10.0.40219.1
Project("{FAE04EC0-301F-11D3-BF4B-00C04F79EFBC}") = "GammelObligatoriskOppgave", "GammelObligatoriskOppgave\GammelObligatoriskOppgave.csproj", "{EA798700-BA17-41C8-9477-20F64C4AC9BF}"
EndProject
Project("{FAE04EC0-301F-11D3-BF4B-00C04F79EFBC}") = "GammelObligatoriskOppgave.Test", "GammelObligatoriskOppgave.Test\GammelObligatoriskOppgave.Test.csproj", "{4B88AC07-03FF-4BB2-8B1A-DC91824A162B}"
EndProject
Global
	GlobalSection(SolutionConfigurationPlatforms) = preSolution
		Debug|Any CPU = Debug|Any CPU
		Release|Any CPU = Release|Any CPU
	EndGlobalSection
	GlobalSection(ProjectConfigurationPlatforms) = postSolution
		{EA798700-BA17-41C8-9477-20F64C4AC9BF}.Debug|Any CPU.ActiveCfg = Debug|Any CPU
		{EA798700-BA17-41C8-9477-20F64C4AC9BF}.Debug|Any CPU.Build.0 = Debug|Any CPU
		{EA798700-BA17-41C8-9477-20F64C4AC9BF}.Release|Any CPU.ActiveCfg = Release|Any CPU
		{EA798700-BA17-41C8-9477-20F64C4AC9BF}.Release|Any CPU.Build.0 = Release|Any CPU
		{4B88AC07-03FF-4BB2-8B1A-DC91824A162B}.Debug|Any CPU.ActiveCfg = Debug|Any CPU
		{4B88AC07-03FF-4BB2-8B1A-DC91824A162B}.Debug|Any CPU.Build.0 = Debug|Any CPU
		{4B88AC07-03FF-4BB2-8B1A-DC91824A162B}.Release|Any CPU.ActiveCfg = Release|Any CPU
		{4B88AC07-03FF-4BB2-8B1A-DC91824A162B}.Release|Any CPU.Build.0 = Release|Any CPU
	EndGlobalSection
	GlobalSection(SolutionProperties) = preSolution
		HideSolutionNode = FALSE
	EndGlobalSection
	GlobalSection(ExtensibilityGlobals) = postSolution
		SolutionGuid = {305C47F3-A7DE-43B6-9D36-84591243D7A0}
	EndGlobalSection
EndGlobal
